
Microsoft Visual Studio Solution File, Format Version 11.00
# Visual C# Express 2010
Project("{FAE04EC0-301F-11D3-BF4B-00C04F79EFBC}") = "Test Windows Game", "Test Windows Game\Test Windows Game\Test Windows Game.csproj", "{100C9291-C2DF-4FF3-B727-B2C723276AFF}"
EndProject
Project("{96E2B04D-8817-42C6-938A-82C39BA4D311}") = "Test Windows GameContent", "Test Windows Game\Test Windows GameContent\Test Windows GameContent.contentproj", "{AD3224C3-14B8-4DB0-BBA9-A928A99C316D}"
EndProject
Global
	GlobalSection(SolutionConfigurationPlatforms) = preSolution
		Debug|x86 = Debug|x86
		Release|x86 = Release|x86
	EndGlobalSection
	GlobalSection(ProjectConfigurationPlatforms) = postSolution
		{100C9291-C2DF-4FF3-B727-B2C723276AFF}.Debug|x86.ActiveCfg = Debug|x86
		{100C9291-C2DF-4FF3-B727-B2C723276AFF}.Debug|x86.Build.0 = Debug|x86
		{100C9291-C2DF-4FF3-B727-B2C723276AFF}.Release|x86.ActiveCfg = Release|x86
		{100C9291-C2DF-4FF3-B727-B2C723276AFF}.Release|x86.Build.0 = Release|x86
		{AD3224C3-14B8-4DB0-BBA9-A928A99C316D}.Debug|x86.ActiveCfg = Debug|x86
		{AD3224C3-14B8-4DB0-BBA9-A928A99C316D}.Release|x86.ActiveCfg = Release|x86
	EndGlobalSection
	GlobalSection(SolutionProperties) = preSolution
		HideSolutionNode = FALSE
	EndGlobalSection
EndGlobal
